
Microsoft Visual Studio Solution File, Format Version 12.00
# Visual Studio Version 17
VisualStudioVersion = 17.5.002.0
MinimumVisualStudioVersion = 10.0.40219.1
Project("{9A19103F-16F7-4668-BE54-9A1E7A4F7556}") = "Aula", "Aula.csproj", "{B2F6567D-85FC-45F6-A2CB-E77443ED54A8}"
EndProject
Project("{FAE04EC0-301F-11D3-BF4B-00C04F79EFBC}") = "Quest_04", "Quest_04\Quest_04.csproj", "{E39D4493-E108-42FD-B91F-1543BB6D2687}"
EndProject
Project("{FAE04EC0-301F-11D3-BF4B-00C04F79EFBC}") = "Quest_05", "Quest_05\Quest_05.csproj", "{1D775BF5-6CC8-4674-9ED6-5D8BAB46914B}"
EndProject
Project("{FAE04EC0-301F-11D3-BF4B-00C04F79EFBC}") = "Quest_06", "Quest_06\Quest_06.csproj", "{D9A48412-1E84-48CE-84A5-47F0F83AFEC6}"
EndProject
Project("{FAE04EC0-301F-11D3-BF4B-00C04F79EFBC}") = "Quest_07", "Quest_07\Quest_07.csproj", "{FBDC5DDE-0C06-4BAC-825D-A5C48FC66C0D}"
EndProject
Project("{FAE04EC0-301F-11D3-BF4B-00C04F79EFBC}") = "Quest_08", "Quest_08\Quest_08.csproj", "{8EEE860D-F48C-4023-A6F4-D80D3355E909}"
EndProject
Project("{FAE04EC0-301F-11D3-BF4B-00C04F79EFBC}") = "Quest_02", "Quest_02\Quest_02.csproj", "{5EDB810B-B370-4CCA-996F-DC8C6CD6FEAB}"
EndProject
Project("{FAE04EC0-301F-11D3-BF4B-00C04F79EFBC}") = "Quest_03", "Quest_03\Quest_03.csproj", "{AA43BEF0-B316-40AA-ACEC-74D571B841AC}"
EndProject
Global
	GlobalSection(SolutionConfigurationPlatforms) = preSolution
		Debug|Any CPU = Debug|Any CPU
		Release|Any CPU = Release|Any CPU
	EndGlobalSection
	GlobalSection(ProjectConfigurationPlatforms) = postSolution
		{B2F6567D-85FC-45F6-A2CB-E77443ED54A8}.Debug|Any CPU.ActiveCfg = Debug|Any CPU
		{B2F6567D-85FC-45F6-A2CB-E77443ED54A8}.Debug|Any CPU.Build.0 = Debug|Any CPU
		{B2F6567D-85FC-45F6-A2CB-E77443ED54A8}.Release|Any CPU.ActiveCfg = Release|Any CPU
		{B2F6567D-85FC-45F6-A2CB-E77443ED54A8}.Release|Any CPU.Build.0 = Release|Any CPU
		{E39D4493-E108-42FD-B91F-1543BB6D2687}.Debug|Any CPU.ActiveCfg = Debug|Any CPU
		{E39D4493-E108-42FD-B91F-1543BB6D2687}.Debug|Any CPU.Build.0 = Debug|Any CPU
		{E39D4493-E108-42FD-B91F-1543BB6D2687}.Release|Any CPU.ActiveCfg = Release|Any CPU
		{E39D4493-E108-42FD-B91F-1543BB6D2687}.Release|Any CPU.Build.0 = Release|Any CPU
		{1D775BF5-6CC8-4674-9ED6-5D8BAB46914B}.Debug|Any CPU.ActiveCfg = Debug|Any CPU
		{1D775BF5-6CC8-4674-9ED6-5D8BAB46914B}.Debug|Any CPU.Build.0 = Debug|Any CPU
		{1D775BF5-6CC8-4674-9ED6-5D8BAB46914B}.Release|Any CPU.ActiveCfg = Release|Any CPU
		{1D775BF5-6CC8-4674-9ED6-5D8BAB46914B}.Release|Any CPU.Build.0 = Release|Any CPU
		{D9A48412-1E84-48CE-84A5-47F0F83AFEC6}.Debug|Any CPU.ActiveCfg = Debug|Any CPU
		{D9A48412-1E84-48CE-84A5-47F0F83AFEC6}.Debug|Any CPU.Build.0 = Debug|Any CPU
		{D9A48412-1E84-48CE-84A5-47F0F83AFEC6}.Release|Any CPU.ActiveCfg = Release|Any CPU
		{D9A48412-1E84-48CE-84A5-47F0F83AFEC6}.Release|Any CPU.Build.0 = Release|Any CPU
		{FBDC5DDE-0C06-4BAC-825D-A5C48FC66C0D}.Debug|Any CPU.ActiveCfg = Debug|Any CPU
		{FBDC5DDE-0C06-4BAC-825D-A5C48FC66C0D}.Debug|Any CPU.Build.0 = Debug|Any CPU
		{FBDC5DDE-0C06-4BAC-825D-A5C48FC66C0D}.Release|Any CPU.ActiveCfg = Release|Any CPU
		{FBDC5DDE-0C06-4BAC-825D-A5C48FC66C0D}.Release|Any CPU.Build.0 = Release|Any CPU
		{8EEE860D-F48C-4023-A6F4-D80D3355E909}.Debug|Any CPU.ActiveCfg = Debug|Any CPU
		{8EEE860D-F48C-4023-A6F4-D80D3355E909}.Debug|Any CPU.Build.0 = Debug|Any CPU
		{8EEE860D-F48C-4023-A6F4-D80D3355E909}.Release|Any CPU.ActiveCfg = Release|Any CPU
		{8EEE860D-F48C-4023-A6F4-D80D3355E909}.Release|Any CPU.Build.0 = Release|Any CPU
		{5EDB810B-B370-4CCA-996F-DC8C6CD6FEAB}.Debug|Any CPU.ActiveCfg = Debug|Any CPU
		{5EDB810B-B370-4CCA-996F-DC8C6CD6FEAB}.Debug|Any CPU.Build.0 = Debug|Any CPU
		{5EDB810B-B370-4CCA-996F-DC8C6CD6FEAB}.Release|Any CPU.ActiveCfg = Release|Any CPU
		{5EDB810B-B370-4CCA-996F-DC8C6CD6FEAB}.Release|Any CPU.Build.0 = Release|Any CPU
		{AA43BEF0-B316-40AA-ACEC-74D571B841AC}.Debug|Any CPU.ActiveCfg = Debug|Any CPU
		{AA43BEF0-B316-40AA-ACEC-74D571B841AC}.Debug|Any CPU.Build.0 = Debug|Any CPU
		{AA43BEF0-B316-40AA-ACEC-74D571B841AC}.Release|Any CPU.ActiveCfg = Release|Any CPU
		{AA43BEF0-B316-40AA-ACEC-74D571B841AC}.Release|Any CPU.Build.0 = Release|Any CPU
	EndGlobalSection
	GlobalSection(SolutionProperties) = preSolution
		HideSolutionNode = FALSE
	EndGlobalSection
	GlobalSection(ExtensibilityGlobals) = postSolution
		SolutionGuid = {EAAEFA1A-45F8-4BF0-B86B-1101919A8847}
	EndGlobalSection
EndGlobal
